
Microsoft Visual Studio Solution File, Format Version 12.00
# Visual Studio Version 17
VisualStudioVersion = 17.0.31903.59
MinimumVisualStudioVersion = 10.0.40219.1
Project("{FAE04EC0-301F-11D3-BF4B-00C04F79EFBC}") = "WebApplication1", "WebApplication1\WebApplication1.csproj", "{CE597A0A-FA2E-4948-A228-1F487B3E1D73}"
EndProject
Project("{FAE04EC0-301F-11D3-BF4B-00C04F79EFBC}") = "LabsOff", "LabsOff\LabsOff.csproj", "{FD99791B-6830-4365-AA2D-02FCE4C6EDAE}"
EndProject
Global
	GlobalSection(SolutionConfigurationPlatforms) = preSolution
		Debug|Any CPU = Debug|Any CPU
		Release|Any CPU = Release|Any CPU
	EndGlobalSection
	GlobalSection(SolutionProperties) = preSolution
		HideSolutionNode = FALSE
	EndGlobalSection
	GlobalSection(ProjectConfigurationPlatforms) = postSolution
		{CE597A0A-FA2E-4948-A228-1F487B3E1D73}.Debug|Any CPU.ActiveCfg = Debug|Any CPU
		{CE597A0A-FA2E-4948-A228-1F487B3E1D73}.Debug|Any CPU.Build.0 = Debug|Any CPU
		{CE597A0A-FA2E-4948-A228-1F487B3E1D73}.Release|Any CPU.ActiveCfg = Release|Any CPU
		{CE597A0A-FA2E-4948-A228-1F487B3E1D73}.Release|Any CPU.Build.0 = Release|Any CPU
		{FD99791B-6830-4365-AA2D-02FCE4C6EDAE}.Debug|Any CPU.ActiveCfg = Debug|Any CPU
		{FD99791B-6830-4365-AA2D-02FCE4C6EDAE}.Debug|Any CPU.Build.0 = Debug|Any CPU
		{FD99791B-6830-4365-AA2D-02FCE4C6EDAE}.Release|Any CPU.ActiveCfg = Release|Any CPU
		{FD99791B-6830-4365-AA2D-02FCE4C6EDAE}.Release|Any CPU.Build.0 = Release|Any CPU
	EndGlobalSection
EndGlobal
